
Microsoft Visual Studio Solution File, Format Version 12.00
# Visual Studio 14
VisualStudioVersion = 14.0.25420.1
MinimumVisualStudioVersion = 10.0.40219.1
Project("{FAE04EC0-301F-11D3-BF4B-00C04F79EFBC}") = "Xamarin2", "Xamarin2\Xamarin2\Xamarin2.csproj", "{24610E86-25B8-401D-B1BA-BF61380E3814}"
EndProject
Project("{FAE04EC0-301F-11D3-BF4B-00C04F79EFBC}") = "Xamarin2.Droid", "Xamarin2\Xamarin2.Droid\Xamarin2.Droid.csproj", "{5FF0EC9B-196A-4F1E-B2AF-E1F2EBA17033}"
EndProject
Project("{FAE04EC0-301F-11D3-BF4B-00C04F79EFBC}") = "Xamarin2.iOS", "Xamarin2\Xamarin2.iOS\Xamarin2.iOS.csproj", "{09466A8F-6B76-4D17-B88D-CEF1E70EF749}"
EndProject
Global
	GlobalSection(SolutionConfigurationPlatforms) = preSolution
		Ad-Hoc|Any CPU = Ad-Hoc|Any CPU
		Ad-Hoc|iPhone = Ad-Hoc|iPhone
		Ad-Hoc|iPhoneSimulator = Ad-Hoc|iPhoneSimulator
		AppStore|Any CPU = AppStore|Any CPU
		AppStore|iPhone = AppStore|iPhone
		AppStore|iPhoneSimulator = AppStore|iPhoneSimulator
		Debug|Any CPU = Debug|Any CPU
		Debug|iPhone = Debug|iPhone
		Debug|iPhoneSimulator = Debug|iPhoneSimulator
		Release|Any CPU = Release|Any CPU
		Release|iPhone = Release|iPhone
		Release|iPhoneSimulator = Release|iPhoneSimulator
	EndGlobalSection
	GlobalSection(ProjectConfigurationPlatforms) = postSolution
		{24610E86-25B8-401D-B1BA-BF61380E3814}.Ad-Hoc|Any CPU.ActiveCfg = Release|Any CPU
		{24610E86-25B8-401D-B1BA-BF61380E3814}.Ad-Hoc|Any CPU.Build.0 = Release|Any CPU
		{24610E86-25B8-401D-B1BA-BF61380E3814}.Ad-Hoc|iPhone.ActiveCfg = Release|Any CPU
		{24610E86-25B8-401D-B1BA-BF61380E3814}.Ad-Hoc|iPhone.Build.0 = Release|Any CPU
		{24610E86-25B8-401D-B1BA-BF61380E3814}.Ad-Hoc|iPhoneSimulator.ActiveCfg = Release|Any CPU
		{24610E86-25B8-401D-B1BA-BF61380E3814}.Ad-Hoc|iPhoneSimulator.Build.0 = Release|Any CPU
		{24610E86-25B8-401D-B1BA-BF61380E3814}.AppStore|Any CPU.ActiveCfg = Release|Any CPU
		{24610E86-25B8-401D-B1BA-BF61380E3814}.AppStore|Any CPU.Build.0 = Release|Any CPU
		{24610E86-25B8-401D-B1BA-BF61380E3814}.AppStore|iPhone.ActiveCfg = Release|Any CPU
		{24610E86-25B8-401D-B1BA-BF61380E3814}.AppStore|iPhone.Build.0 = Release|Any CPU
		{24610E86-25B8-401D-B1BA-BF61380E3814}.AppStore|iPhoneSimulator.ActiveCfg = Release|Any CPU
		{24610E86-25B8-401D-B1BA-BF61380E3814}.AppStore|iPhoneSimulator.Build.0 = Release|Any CPU
		{24610E86-25B8-401D-B1BA-BF61380E3814}.Debug|Any CPU.ActiveCfg = Debug|Any CPU
		{24610E86-25B8-401D-B1BA-BF61380E3814}.Debug|Any CPU.Build.0 = Debug|Any CPU
		{24610E86-25B8-401D-B1BA-BF61380E3814}.Debug|iPhone.ActiveCfg = Debug|Any CPU
		{24610E86-25B8-401D-B1BA-BF61380E3814}.Debug|iPhone.Build.0 = Debug|Any CPU
		{24610E86-25B8-401D-B1BA-BF61380E3814}.Debug|iPhoneSimulator.ActiveCfg = Debug|Any CPU
		{24610E86-25B8-401D-B1BA-BF61380E3814}.Debug|iPhoneSimulator.Build.0 = Debug|Any CPU
		{24610E86-25B8-401D-B1BA-BF61380E3814}.Release|Any CPU.ActiveCfg = Release|Any CPU
		{24610E86-25B8-401D-B1BA-BF61380E3814}.Release|Any CPU.Build.0 = Release|Any CPU
		{24610E86-25B8-401D-B1BA-BF61380E3814}.Release|iPhone.ActiveCfg = Release|Any CPU
		{24610E86-25B8-401D-B1BA-BF61380E3814}.Release|iPhone.Build.0 = Release|Any CPU
		{24610E86-25B8-401D-B1BA-BF61380E3814}.Release|iPhoneSimulator.ActiveCfg = Release|Any CPU
		{24610E86-25B8-401D-B1BA-BF61380E3814}.Release|iPhoneSimulator.Build.0 = Release|Any CPU
		{5FF0EC9B-196A-4F1E-B2AF-E1F2EBA17033}.Ad-Hoc|Any CPU.ActiveCfg = Release|Any CPU
		{5FF0EC9B-196A-4F1E-B2AF-E1F2EBA17033}.Ad-Hoc|Any CPU.Build.0 = Release|Any CPU
		{5FF0EC9B-196A-4F1E-B2AF-E1F2EBA17033}.Ad-Hoc|Any CPU.Deploy.0 = Release|Any CPU
		{5FF0EC9B-196A-4F1E-B2AF-E1F2EBA17033}.Ad-Hoc|iPhone.ActiveCfg = Release|Any CPU
		{5FF0EC9B-196A-4F1E-B2AF-E1F2EBA17033}.Ad-Hoc|iPhone.Build.0 = Release|Any CPU
		{5FF0EC9B-196A-4F1E-B2AF-E1F2EBA17033}.Ad-Hoc|iPhone.Deploy.0 = Release|Any CPU
		{5FF0EC9B-196A-4F1E-B2AF-E1F2EBA17033}.Ad-Hoc|iPhoneSimulator.ActiveCfg = Release|Any CPU
		{5FF0EC9B-196A-4F1E-B2AF-E1F2EBA17033}.Ad-Hoc|iPhoneSimulator.Build.0 = Release|Any CPU
		{5FF0EC9B-196A-4F1E-B2AF-E1F2EBA17033}.Ad-Hoc|iPhoneSimulator.Deploy.0 = Release|Any CPU
		{5FF0EC9B-196A-4F1E-B2AF-E1F2EBA17033}.AppStore|Any CPU.ActiveCfg = Release|Any CPU
		{5FF0EC9B-196A-4F1E-B2AF-E1F2EBA17033}.AppStore|Any CPU.Build.0 = Release|Any CPU
		{5FF0EC9B-196A-4F1E-B2AF-E1F2EBA17033}.AppStore|Any CPU.Deploy.0 = Release|Any CPU
		{5FF0EC9B-196A-4F1E-B2AF-E1F2EBA17033}.AppStore|iPhone.ActiveCfg = Release|Any CPU
		{5FF0EC9B-196A-4F1E-B2AF-E1F2EBA17033}.AppStore|iPhone.Build.0 = Release|Any CPU
		{5FF0EC9B-196A-4F1E-B2AF-E1F2EBA17033}.AppStore|iPhone.Deploy.0 = Release|Any CPU
		{5FF0EC9B-196A-4F1E-B2AF-E1F2EBA17033}.AppStore|iPhoneSimulator.ActiveCfg = Release|Any CPU
		{5FF0EC9B-196A-4F1E-B2AF-E1F2EBA17033}.AppStore|iPhoneSimulator.Build.0 = Release|Any CPU
		{5FF0EC9B-196A-4F1E-B2AF-E1F2EBA17033}.AppStore|iPhoneSimulator.Deploy.0 = Release|Any CPU
		{5FF0EC9B-196A-4F1E-B2AF-E1F2EBA17033}.Debug|Any CPU.ActiveCfg = Debug|Any CPU
		{5FF0EC9B-196A-4F1E-B2AF-E1F2EBA17033}.Debug|Any CPU.Build.0 = Debug|Any CPU
		{5FF0EC9B-196A-4F1E-B2AF-E1F2EBA17033}.Debug|Any CPU.Deploy.0 = Debug|Any CPU
		{5FF0EC9B-196A-4F1E-B2AF-E1F2EBA17033}.Debug|iPhone.ActiveCfg = Debug|Any CPU
		{5FF0EC9B-196A-4F1E-B2AF-E1F2EBA17033}.Debug|iPhone.Build.0 = Debug|Any CPU
		{5FF0EC9B-196A-4F1E-B2AF-E1F2EBA17033}.Debug|iPhone.Deploy.0 = Debug|Any CPU
		{5FF0EC9B-196A-4F1E-B2AF-E1F2EBA17033}.Debug|iPhoneSimulator.ActiveCfg = Debug|Any CPU
		{5FF0EC9B-196A-4F1E-B2AF-E1F2EBA17033}.Debug|iPhoneSimulator.Build.0 = Debug|Any CPU
		{5FF0EC9B-196A-4F1E-B2AF-E1F2EBA17033}.Debug|iPhoneSimulator.Deploy.0 = Debug|Any CPU
		{5FF0EC9B-196A-4F1E-B2AF-E1F2EBA17033}.Release|Any CPU.ActiveCfg = Release|Any CPU
		{5FF0EC9B-196A-4F1E-B2AF-E1F2EBA17033}.Release|Any CPU.Build.0 = Release|Any CPU
		{5FF0EC9B-196A-4F1E-B2AF-E1F2EBA17033}.Release|Any CPU.Deploy.0 = Release|Any CPU
		{5FF0EC9B-196A-4F1E-B2AF-E1F2EBA17033}.Release|iPhone.ActiveCfg = Release|Any CPU
		{5FF0EC9B-196A-4F1E-B2AF-E1F2EBA17033}.Release|iPhone.Build.0 = Release|Any CPU
		{5FF0EC9B-196A-4F1E-B2AF-E1F2EBA17033}.Release|iPhone.Deploy.0 = Release|Any CPU
		{5FF0EC9B-196A-4F1E-B2AF-E1F2EBA17033}.Release|iPhoneSimulator.ActiveCfg = Release|Any CPU
		{5FF0EC9B-196A-4F1E-B2AF-E1F2EBA17033}.Release|iPhoneSimulator.Build.0 = Release|Any CPU
		{5FF0EC9B-196A-4F1E-B2AF-E1F2EBA17033}.Release|iPhoneSimulator.Deploy.0 = Release|Any CPU
		{09466A8F-6B76-4D17-B88D-CEF1E70EF749}.Ad-Hoc|Any CPU.ActiveCfg = Ad-Hoc|iPhone
		{09466A8F-6B76-4D17-B88D-CEF1E70EF749}.Ad-Hoc|iPhone.ActiveCfg = Ad-Hoc|iPhone
		{09466A8F-6B76-4D17-B88D-CEF1E70EF749}.Ad-Hoc|iPhone.Build.0 = Ad-Hoc|iPhone
		{09466A8F-6B76-4D17-B88D-CEF1E70EF749}.Ad-Hoc|iPhoneSimulator.ActiveCfg = Ad-Hoc|iPhoneSimulator
		{09466A8F-6B76-4D17-B88D-CEF1E70EF749}.Ad-Hoc|iPhoneSimulator.Build.0 = Ad-Hoc|iPhoneSimulator
		{09466A8F-6B76-4D17-B88D-CEF1E70EF749}.AppStore|Any CPU.ActiveCfg = AppStore|iPhone
		{09466A8F-6B76-4D17-B88D-CEF1E70EF749}.AppStore|iPhone.ActiveCfg = AppStore|iPhone
		{09466A8F-6B76-4D17-B88D-CEF1E70EF749}.AppStore|iPhone.Build.0 = AppStore|iPhone
		{09466A8F-6B76-4D17-B88D-CEF1E70EF749}.AppStore|iPhoneSimulator.ActiveCfg = AppStore|iPhoneSimulator
		{09466A8F-6B76-4D17-B88D-CEF1E70EF749}.AppStore|iPhoneSimulator.Build.0 = AppStore|iPhoneSimulator
		{09466A8F-6B76-4D17-B88D-CEF1E70EF749}.Debug|Any CPU.ActiveCfg = Debug|iPhone
		{09466A8F-6B76-4D17-B88D-CEF1E70EF749}.Debug|iPhone.ActiveCfg = Debug|iPhone
		{09466A8F-6B76-4D17-B88D-CEF1E70EF749}.Debug|iPhone.Build.0 = Debug|iPhone
		{09466A8F-6B76-4D17-B88D-CEF1E70EF749}.Debug|iPhoneSimulator.ActiveCfg = Debug|iPhoneSimulator
		{09466A8F-6B76-4D17-B88D-CEF1E70EF749}.Debug|iPhoneSimulator.Build.0 = Debug|iPhoneSimulator
		{09466A8F-6B76-4D17-B88D-CEF1E70EF749}.Release|Any CPU.ActiveCfg = Release|iPhone
		{09466A8F-6B76-4D17-B88D-CEF1E70EF749}.Release|iPhone.ActiveCfg = Release|iPhone
		{09466A8F-6B76-4D17-B88D-CEF1E70EF749}.Release|iPhone.Build.0 = Release|iPhone
		{09466A8F-6B76-4D17-B88D-CEF1E70EF749}.Release|iPhoneSimulator.ActiveCfg = Release|iPhoneSimulator
		{09466A8F-6B76-4D17-B88D-CEF1E70EF749}.Release|iPhoneSimulator.Build.0 = Release|iPhoneSimulator
	EndGlobalSection
	GlobalSection(SolutionProperties) = preSolution
		HideSolutionNode = FALSE
	EndGlobalSection
EndGlobal
